# This file is autogenerated, do not edit; changes may be undone by the next 'dep ensure'.


[[projects]]
  branch = "master"
  digest = "1:dbbeb109bdc38d9684032573533d4963673ed8cc67c7ccfeae8fd019b4e9cdac"
  name = "github.com/anacrolix/missinggo"
  packages = [
    ".",
    "slices",
  ]
  pruneopts = "UT"
  revision = "f32f2dc367fb4fc0167b83145459f567abd59c49"

[[projects]]
  digest = "1:6ae191c56c9d80f4391ab967dffe2cd92eb35da61d3e81a11e2a372525b83978"
  name = "github.com/anacrolix/torrent"
  packages = [
    "bencode",
    "metainfo",
  ]
  pruneopts = "UT"
  revision = "d950677f67c26793d1c551266dfc56f81081b48a"

[[projects]]
  branch = "master"
  digest = "1:7bfd6f49553eb9409ecde1d0311fdcc4944a887d9fff23415f74b7bd462d95a4"
  name = "github.com/bradfitz/iter"
  packages = ["."]
  pruneopts = "UT"
  revision = "454541ec3da2a73fc34fd049b19ee5777bf19345"

[[projects]]
  digest = "1:7ab696eb65eef48aa01c255ce3979e716259987e1af2a69891d47b17c6127819"
  name = "github.com/sirupsen/logrus"
  packages = ["."]
  pruneopts = "UT"
  revision = "778f2e774c725116edbc3d039dc0dfc1cc62aae8"

[[projects]]
  digest = "1:189a0e6e9c657bb662bafc41a796360d11c88eed7614b1b6f003b8fbc8847e5e"
  name = "github.com/urfave/cli"
  packages = ["."]
  pruneopts = "UT"
  revision = "8e01ec4cd3e2d84ab2fe90d8210528ffbb06d8ff"

[[projects]]
  branch = "master"
  digest = "1:3f3a05ae0b95893d90b9b3b5afdb79a9b3d96e4e36e099d841ae602e4aca0da8"
  name = "golang.org/x/crypto"
  packages = ["ssh/terminal"]
  pruneopts = "UT"
  revision = "88942b9c40a4c9d203b82b3731787b672d6e809b"

[[projects]]
  branch = "master"
  digest = "1:0cc09bfe0321a651b68c587f94585b76b0b6cf58db1f2701d6062bb91ac442f8"
  name = "golang.org/x/sys"
  packages = [
    "unix",
    "windows",
  ]
  pruneopts = "UT"
  revision = "378d26f46672a356c46195c28f61bdb4c0a781dd"

[solve-meta]
  analyzer-name = "dep"
  analyzer-version = 1
  input-imports = [
    "github.com/anacrolix/torrent/metainfo",
    "github.com/sirupsen/logrus",
    "github.com/urfave/cli",
  ]
  solver-name = "gps-cdcl"
  solver-version = 1
