# This file is autogenerated, do not edit; changes may be undone by the next 'dep ensure'.


[[projects]]
  branch = "master"
  digest = "1:b9ed0475a5f2702704fba2d1f50dcaae426f090b05b4509ec86ddf7b0965cd5c"
  name = "dmitri.shuralyov.com/text/kebabcase"
  packages = ["."]
  pruneopts = "UT"
  revision = "40e40b42552a9cb37d6e98f4ad31f63ae53ea43a"

[[projects]]
  branch = "master"
  digest = "1:4a52cf010b10abe9e6da448a8f91a79aa222c313bdb8b0f282792b491d0eae4e"
  name = "github.com/anacrolix/missinggo"
  packages = [
    ".",
    "expect",
    "slices",
  ]
  pruneopts = "UT"
  revision = "60ef2fbf63df5d871ada2680d4d8a6013dcd1745"

[[projects]]
  digest = "1:b0ecd349c6912cbb6b12ae55b512a1e4513036f21bcf49b6513b089407314d7b"
  name = "github.com/anacrolix/torrent"
  packages = [
    "bencode",
    "metainfo",
  ]
  pruneopts = "UT"
  revision = "3ed340c0e005cbbd4e3f42e0ff93bce9cf3d4123"

[[projects]]
  branch = "master"
  digest = "1:7bfd6f49553eb9409ecde1d0311fdcc4944a887d9fff23415f74b7bd462d95a4"
  name = "github.com/bradfitz/iter"
  packages = ["."]
  pruneopts = "UT"
  revision = "454541ec3da2a73fc34fd049b19ee5777bf19345"

[[projects]]
  digest = "1:f4f6279cb37479954644babd8f8ef00584ff9fa63555d2c6718c1c3517170202"
  name = "github.com/elazarl/go-bindata-assetfs"
  packages = ["."]
  pruneopts = "UT"
  revision = "30f82fa23fd844bd5bb1e5f216db87fd77b5eb43"
  version = "v1.0.0"

[[projects]]
  digest = "1:ca82a3b99694824c627573c2a76d0e49719b4a9c02d1d85a2ac91f1c1f52ab9b"
  name = "github.com/fatih/structs"
  packages = ["."]
  pruneopts = "UT"
  revision = "a720dfa8df582c51dee1b36feabb906bde1588bd"
  version = "v1.0"

[[projects]]
  digest = "1:99eb6794eb62024f271fe313239ea3dd02bd84a121d63ca6ae0cf3c80c30e301"
  name = "github.com/gin-contrib/cors"
  packages = ["."]
  pruneopts = "UT"
  revision = "a3af05a9b13e6ef9a472660fbb920ac7765544ea"

[[projects]]
  branch = "master"
  digest = "1:36fe9527deed01d2a317617e59304eb2c4ce9f8a24115bcc5c2e37b3aee5bae4"
  name = "github.com/gin-contrib/sse"
  packages = ["."]
  pruneopts = "UT"
  revision = "22d885f9ecc78bf4ee5d72b937e4bbcdc58e8cae"

[[projects]]
  digest = "1:2b0df69b0d482719446858d567d12f4565d1908ff563db27250cb2cde7f461ec"
  name = "github.com/gin-contrib/static"
  packages = ["."]
  pruneopts = "UT"
  revision = "8cbcdde04781ade853025b0ff7001aaf0ed06150"

[[projects]]
  digest = "1:d5083934eb25e45d17f72ffa86cae3814f4a9d6c073c4f16b64147169b245606"
  name = "github.com/gin-gonic/gin"
  packages = [
    ".",
    "binding",
    "json",
    "render",
  ]
  pruneopts = "UT"
  revision = "b869fe1415e4b9eb52f247441830d502aece2d4d"
  version = "v1.3.0"

[[projects]]
  digest = "1:38101365bdbea4ca2746cf7bac064b3f18d6a5561787d653a54f80c7afb4b513"
  name = "github.com/gobuffalo/envy"
  packages = ["."]
  pruneopts = "UT"
  revision = "3c96536452167a705ca5a70b831d3810e1e10452"
  version = "v1.6.4"

[[projects]]
  digest = "1:d5d0824f029cecbe33537700f267085e3eb0ffc20305cbabc4daa6be107f015c"
  name = "github.com/gobuffalo/github_flavored_markdown"
  packages = ["."]
  pruneopts = "UT"
  revision = "6af65dcbf5386db0b8da50e160ff0fdda7ef1459"
  version = "v1.0.0"

[[projects]]
  digest = "1:ada8bb7bda46e4c6c6dc1bc3411991693165e5a248dc1b529a5eb6a9894e6e51"
  name = "github.com/gobuffalo/plush"
  packages = [
    ".",
    "ast",
    "lexer",
    "parser",
    "token",
  ]
  pruneopts = "UT"
  revision = "621b4e90d1ccbbbcb80e1c6c6e01453121973055"
  version = "v3.7.16"

[[projects]]
  digest = "1:67caa8474de61d17bd909ffac7818fa7abd5a4e5f8af05bc8edd4cfdda18ddff"
  name = "github.com/gobuffalo/tags"
  packages = [
    ".",
    "form",
    "form/bootstrap",
  ]
  pruneopts = "UT"
  revision = "da5de2a6b4fdd40153789f7efff1330616e28de7"
  version = "v2.0.11"

[[projects]]
  digest = "1:d0ab40ee41b788b931bf82d11ac756eaf0e2a76a40a5e5c1f60435af5ff3de98"
  name = "github.com/gobuffalo/uuid"
  packages = ["."]
  pruneopts = "UT"
  revision = "7652001f1b1ff3d69aa899943b668e9be27284a0"
  version = "v2.0.3"

[[projects]]
  digest = "1:0cffed04ef171ae26ee578e3a29bc3ca6e4b36db85bf6d5b1560edf2809f572f"
  name = "github.com/gobuffalo/validate"
  packages = [
    ".",
    "validators",
  ]
  pruneopts = "UT"
  revision = "f6f3be4568c1ac31b364193100816d272e36ddc5"
  version = "v2.0.3"

[[projects]]
  digest = "1:97df918963298c287643883209a2c3f642e6593379f97ab400c2a2e219ab647d"
  name = "github.com/golang/protobuf"
  packages = ["proto"]
  pruneopts = "UT"
  revision = "aa810b61a9c79d51363740d207bb46cf8e620ed5"
  version = "v1.2.0"

[[projects]]
  digest = "1:f9a5e090336881be43cfc1cf468330c1bdd60abdc9dd194e0b1ab69f4b94dd7c"
  name = "github.com/huandu/xstrings"
  packages = ["."]
  pruneopts = "UT"
  revision = "f02667b379e2fb5916c3cda2cf31e0eb885d79f8"
  version = "v1.2.0"

[[projects]]
  digest = "1:ecd9aa82687cf31d1585d4ac61d0ba180e42e8a6182b85bd785fcca8dfeefc1b"
  name = "github.com/joho/godotenv"
  packages = ["."]
  pruneopts = "UT"
  revision = "23d116af351c84513e1946b527c88823e476be13"
  version = "v1.3.0"

[[projects]]
  digest = "1:3e551bbb3a7c0ab2a2bf4660e7fcad16db089fdcfbb44b0199e62838038623ea"
  name = "github.com/json-iterator/go"
  packages = ["."]
  pruneopts = "UT"
  revision = "1624edc4454b8682399def8740d46db5e4362ba4"
  version = "v1.1.5"

[[projects]]
  digest = "1:e60b8e2ad986a90b522fd74a87c4f5b3bb173c6a6bc5d88744d70cb0c760afdd"
  name = "github.com/markbates/inflect"
  packages = ["."]
  pruneopts = "UT"
  revision = "dd7de90c06bca70f18136e59dec2270c19a401e7"
  version = "v1.0.0"

[[projects]]
  digest = "1:0981502f9816113c9c8c4ac301583841855c8cf4da8c72f696b3ebedf6d0e4e5"
  name = "github.com/mattn/go-isatty"
  packages = ["."]
  pruneopts = "UT"
  revision = "6ca4dbf54d38eea1a992b3c722a76a5d1c4cb25c"
  version = "v0.0.4"

[[projects]]
  digest = "1:1fc201f179a7d45f944655de3cdbfb0a8a226fd525569454e31ca87f9e4bb677"
  name = "github.com/microcosm-cc/bluemonday"
  packages = ["."]
  pruneopts = "UT"
  revision = "82c7118e8ccf7403d4860175d97bb635e8e28239"
  version = "v1.0.1"

[[projects]]
  digest = "1:33422d238f147d247752996a26574ac48dcf472976eda7f5134015f06bf16563"
  name = "github.com/modern-go/concurrent"
  packages = ["."]
  pruneopts = "UT"
  revision = "bacd9c7ef1dd9b15be4a9909b8ac7a4e313eec94"
  version = "1.0.3"

[[projects]]
  digest = "1:e32bdbdb7c377a07a9a46378290059822efdce5c8d96fe71940d87cb4f918855"
  name = "github.com/modern-go/reflect2"
  packages = ["."]
  pruneopts = "UT"
  revision = "4b7aa43c6742a2c18fdef89dd197aaae7dac7ccd"
  version = "1.0.1"

[[projects]]
  digest = "1:40e195917a951a8bf867cd05de2a46aaf1806c50cf92eebf4c16f78cd196f747"
  name = "github.com/pkg/errors"
  packages = ["."]
  pruneopts = "UT"
  revision = "645ef00459ed84a119197bfb8d8205042c6df63d"
  version = "v0.8.0"

[[projects]]
  branch = "master"
  digest = "1:efa124a0ca36a35cc1a1b472cb0fa2be1e7d9fd1db0f8bc9a042e42e4c6405aa"
  name = "github.com/serenize/snaker"
  packages = ["."]
  pruneopts = "UT"
  revision = "a683aaf2d516deecd70cad0c72e3ca773ecfcef0"

[[projects]]
  digest = "1:d917313f309bda80d27274d53985bc65651f81a5b66b820749ac7f8ef061fd04"
  name = "github.com/sergi/go-diff"
  packages = ["diffmatchpatch"]
  pruneopts = "UT"
  revision = "1744e2970ca51c86172c8190fadad617561ed6e7"
  version = "v1.0.0"

[[projects]]
  branch = "master"
  digest = "1:c46a4157f74a181fab75707f9af94d77f8fcb1285d8eccd9451788586f42fe3e"
  name = "github.com/shurcooL/go"
  packages = [
    "parserutil",
    "printerutil",
    "reflectfind",
    "reflectsource",
  ]
  pruneopts = "UT"
  revision = "9e1955d9fb6e1ee2345ba1f5e71669263e719e27"

[[projects]]
  branch = "master"
  digest = "1:c347b6831c73fad4137117fb7e2cf1bc7ff03206ddcd7fb184e9af4fc96fa5b6"
  name = "github.com/shurcooL/go-goon"
  packages = ["."]
  pruneopts = "UT"
  revision = "37c2f522c041b74919a9e5e3a6c5c47eb34730a5"

[[projects]]
  branch = "master"
  digest = "1:23a0fdf4f939b35ca0f40530d39671b2fdd503e978a9783b89b059c7e9ff4889"
  name = "github.com/shurcooL/graphql"
  packages = ["ident"]
  pruneopts = "UT"
  revision = "365899397c9ad12805631fe4c9b2a64be9d74818"

[[projects]]
  branch = "master"
  digest = "1:d32f7d66b5b3598d2d6651a457972e0149f3315d26426b6e0440cf14c816c93d"
  name = "github.com/shurcooL/highlight_diff"
  packages = ["."]
  pruneopts = "UT"
  revision = "09bb4053de1b1d872a9f25dc21378fa71dca4e4e"

[[projects]]
  branch = "master"
  digest = "1:a2a9646521c0f00b6a9b27b7536a05407d72135def06d5bb3649101a051c4d15"
  name = "github.com/shurcooL/highlight_go"
  packages = ["."]
  pruneopts = "UT"
  revision = "78fb10f4a5f89e812a5e26ab723b954a51226086"

[[projects]]
  branch = "master"
  digest = "1:9604d25dbd1fbcfaaa02d6611c8b1afc07011bc6c0ae853ffe84115267d3503a"
  name = "github.com/shurcooL/octicon"
  packages = ["."]
  pruneopts = "UT"
  revision = "c42b0e3b24d96976ecac81ef691662777b39ef64"

[[projects]]
  branch = "master"
  digest = "1:def689e73e9252f6f7fe66834a76751a41b767e03daab299e607e7226c58a855"
  name = "github.com/shurcooL/sanitized_anchor_name"
  packages = ["."]
  pruneopts = "UT"
  revision = "86672fcb3f950f35f2e675df2240550f2a50762f"

[[projects]]
  digest = "1:d867dfa6751c8d7a435821ad3b736310c2ed68945d05b50fb9d23aee0540c8cc"
  name = "github.com/sirupsen/logrus"
  packages = ["."]
  pruneopts = "UT"
  revision = "3e01752db0189b9157070a0e1668a620f9a85da2"
  version = "v1.0.6"

[[projects]]
  branch = "master"
  digest = "1:7d1a56d6e478d101047b32fe6ea432966db16867a3984b53bef75e3c160087b1"
  name = "github.com/sourcegraph/annotate"
  packages = ["."]
  pruneopts = "UT"
  revision = "f4cad6c6324d3f584e1743d8b3e0e017a5f3a636"

[[projects]]
  branch = "master"
  digest = "1:9df4f012b99e1ea84cd1c3c29874cfb541b9726be43c62f05feef3a85e300688"
  name = "github.com/sourcegraph/syntaxhighlight"
  packages = ["."]
  pruneopts = "UT"
  revision = "bd320f5d308e1a3c4314c678d8227a0d72574ae7"

[[projects]]
  digest = "1:03aa6e485e528acb119fb32901cf99582c380225fc7d5a02758e08b180cb56c3"
  name = "github.com/ugorji/go"
  packages = ["codec"]
  pruneopts = "UT"
  revision = "b4c50a2b199d93b13dc15e78929cfb23bfdf21ab"
  version = "v1.1.1"

[[projects]]
  digest = "1:b24d38b282bacf9791408a080f606370efa3d364e4b5fd9ba0f7b87786d3b679"
  name = "github.com/urfave/cli"
  packages = ["."]
  pruneopts = "UT"
  revision = "cfb38830724cc34fedffe9a2a29fb54fa9169cd1"
  version = "v1.20.0"

[[projects]]
  branch = "master"
  digest = "1:3f3a05ae0b95893d90b9b3b5afdb79a9b3d96e4e36e099d841ae602e4aca0da8"
  name = "golang.org/x/crypto"
  packages = ["ssh/terminal"]
  pruneopts = "UT"
  revision = "0e37d006457bf46f9e6692014ba72ef82c33022c"

[[projects]]
  branch = "master"
  digest = "1:a5ae8f624991c4156ab2610befdbc78ea3a961473ce4846cc34342649cb81878"
  name = "golang.org/x/net"
  packages = [
    "html",
    "html/atom",
  ]
  pruneopts = "UT"
  revision = "26e67e76b6c3f6ce91f7c52def5af501b4e0f3a2"

[[projects]]
  branch = "master"
  digest = "1:e10551220bea6da5274318545537df1012268056be6484b83a3338328050cde0"
  name = "golang.org/x/sys"
  packages = [
    "unix",
    "windows",
  ]
  pruneopts = "UT"
  revision = "ee1b12c67af419cf5a9be3bdbeea7fc1c5f32f11"

[[projects]]
  digest = "1:434aab943cc1c082c9df36bd4b1f107d9ef4af930d2ce13d3f2eb008df9196f0"
  name = "gopkg.in/flosch/pongo2.v3"
  packages = ["."]
  pruneopts = "UT"
  revision = "5e81b817a0c48c1c57cdf1a9056cf76bdee02ca9"
  version = "v3.0"

[[projects]]
  digest = "1:cbc72c4c4886a918d6ab4b95e347ffe259846260f99ebdd8a198c2331cf2b2e9"
  name = "gopkg.in/go-playground/validator.v8"
  packages = ["."]
  pruneopts = "UT"
  revision = "5f1438d3fca68893a817e4a66806cea46a9e4ebf"
  version = "v8.18.2"

[[projects]]
  digest = "1:5abd6a22805b1919f6a6bca0ae58b13cef1f3412812f38569978f43ef02743d4"
  name = "gopkg.in/ini.v1"
  packages = ["."]
  pruneopts = "UT"
  revision = "5cf292cae48347c2490ac1a58fe36735fb78df7e"
  version = "v1.38.2"

[[projects]]
  digest = "1:8bc629776d035c003c7814d4369521afe67fdb8efc4b5f66540d29343b98cf23"
  name = "gopkg.in/russross/blackfriday.v1"
  packages = ["."]
  pruneopts = "UT"
  revision = "55d61fa8aa702f59229e6cff85793c22e580eaf5"
  version = "v1.5.1"

[[projects]]
  digest = "1:342378ac4dcb378a5448dd723f0784ae519383532f5e70ade24132c4c8693202"
  name = "gopkg.in/yaml.v2"
  packages = ["."]
  pruneopts = "UT"
  revision = "5420a8b6744d3b0345ab293f6fcba19c978f1183"
  version = "v2.2.1"

[solve-meta]
  analyzer-name = "dep"
  analyzer-version = 1
  input-imports = [
    "github.com/anacrolix/torrent/metainfo",
    "github.com/elazarl/go-bindata-assetfs",
    "github.com/gin-contrib/cors",
    "github.com/gin-contrib/static",
    "github.com/gin-gonic/gin",
    "github.com/gin-gonic/gin/render",
    "github.com/gobuffalo/plush",
    "github.com/sirupsen/logrus",
    "github.com/urfave/cli",
    "gopkg.in/flosch/pongo2.v3",
    "gopkg.in/ini.v1",
  ]
  solver-name = "gps-cdcl"
  solver-version = 1
